
Microsoft Visual Studio Solution File, Format Version 12.00
# Visual Studio 2017
Project("{FAE04EC0-301F-11D3-BF4B-00C04F79EFBC}") = "VR Hutan Malam", "VR Hutan Malam.csproj", "{AC46478C-CEBB-6DD0-9E41-7B931843339D}"
EndProject
Project("{FAE04EC0-301F-11D3-BF4B-00C04F79EFBC}") = "VR Hutan Malam.Plugins", "VR Hutan Malam.Plugins.csproj", "{2842315A-0F5E-FD04-54C0-8885774A4CBC}"
EndProject
Project("{FAE04EC0-301F-11D3-BF4B-00C04F79EFBC}") = "VR Hutan Malam.Editor.Plugins", "VR Hutan Malam.Editor.Plugins.csproj", "{DA99C184-615D-0CD2-C27A-510CD1CEA63A}"
EndProject
Project("{FAE04EC0-301F-11D3-BF4B-00C04F79EFBC}") = "VR Hutan Malam.Editor", "VR Hutan Malam.Editor.csproj", "{57DD945E-67C6-8E3D-D03F-E6A9DDB1B798}"
EndProject
Global
	GlobalSection(SolutionConfigurationPlatforms) = preSolution
		Debug|Any CPU = Debug|Any CPU
		Release|Any CPU = Release|Any CPU
	EndGlobalSection
	GlobalSection(ProjectConfigurationPlatforms) = postSolution
		{AC46478C-CEBB-6DD0-9E41-7B931843339D}.Debug|Any CPU.ActiveCfg = Debug|Any CPU
		{AC46478C-CEBB-6DD0-9E41-7B931843339D}.Debug|Any CPU.Build.0 = Debug|Any CPU
		{AC46478C-CEBB-6DD0-9E41-7B931843339D}.Release|Any CPU.ActiveCfg = Release|Any CPU
		{AC46478C-CEBB-6DD0-9E41-7B931843339D}.Release|Any CPU.Build.0 = Release|Any CPU
		{2842315A-0F5E-FD04-54C0-8885774A4CBC}.Debug|Any CPU.ActiveCfg = Debug|Any CPU
		{2842315A-0F5E-FD04-54C0-8885774A4CBC}.Debug|Any CPU.Build.0 = Debug|Any CPU
		{2842315A-0F5E-FD04-54C0-8885774A4CBC}.Release|Any CPU.ActiveCfg = Release|Any CPU
		{2842315A-0F5E-FD04-54C0-8885774A4CBC}.Release|Any CPU.Build.0 = Release|Any CPU
		{DA99C184-615D-0CD2-C27A-510CD1CEA63A}.Debug|Any CPU.ActiveCfg = Debug|Any CPU
		{DA99C184-615D-0CD2-C27A-510CD1CEA63A}.Debug|Any CPU.Build.0 = Debug|Any CPU
		{DA99C184-615D-0CD2-C27A-510CD1CEA63A}.Release|Any CPU.ActiveCfg = Release|Any CPU
		{DA99C184-615D-0CD2-C27A-510CD1CEA63A}.Release|Any CPU.Build.0 = Release|Any CPU
		{57DD945E-67C6-8E3D-D03F-E6A9DDB1B798}.Debug|Any CPU.ActiveCfg = Debug|Any CPU
		{57DD945E-67C6-8E3D-D03F-E6A9DDB1B798}.Debug|Any CPU.Build.0 = Debug|Any CPU
		{57DD945E-67C6-8E3D-D03F-E6A9DDB1B798}.Release|Any CPU.ActiveCfg = Release|Any CPU
		{57DD945E-67C6-8E3D-D03F-E6A9DDB1B798}.Release|Any CPU.Build.0 = Release|Any CPU
	EndGlobalSection
	GlobalSection(SolutionProperties) = preSolution
		HideSolutionNode = FALSE
	EndGlobalSection
EndGlobal
