
Microsoft Visual Studio Solution File, Format Version 11.00
# Visual Studio 2010
Project("{FAE04EC0-301F-11D3-BF4B-00C04F79EFBC}") = "VR Hutan Malam", "Assembly-CSharp.csproj", "{FB287BB5-2AF7-61A5-216B-98A9A83BE6E6}"
EndProject
Project("{FAE04EC0-301F-11D3-BF4B-00C04F79EFBC}") = "VR Hutan Malam", "Assembly-CSharp-firstpass.csproj", "{38140569-9BB9-672C-68E1-6EC47DFE107B}"
EndProject
Project("{FAE04EC0-301F-11D3-BF4B-00C04F79EFBC}") = "VR Hutan Malam", "Assembly-CSharp-Editor-firstpass.csproj", "{89A2F59D-BEBF-E20A-0054-8C954DF4D833}"
EndProject
Project("{FAE04EC0-301F-11D3-BF4B-00C04F79EFBC}") = "VR Hutan Malam", "Assembly-CSharp-Editor.csproj", "{C3A99A52-D6A4-0FB6-3522-6FB85EF9BE2A}"
EndProject
Global
	GlobalSection(SolutionConfigurationPlatforms) = preSolution
		Debug|Any CPU = Debug|Any CPU
		Release|Any CPU = Release|Any CPU
	EndGlobalSection
	GlobalSection(ProjectConfigurationPlatforms) = postSolution
		{FB287BB5-2AF7-61A5-216B-98A9A83BE6E6}.Debug|Any CPU.ActiveCfg = Debug|Any CPU
		{FB287BB5-2AF7-61A5-216B-98A9A83BE6E6}.Debug|Any CPU.Build.0 = Debug|Any CPU
		{FB287BB5-2AF7-61A5-216B-98A9A83BE6E6}.Release|Any CPU.ActiveCfg = Release|Any CPU
		{FB287BB5-2AF7-61A5-216B-98A9A83BE6E6}.Release|Any CPU.Build.0 = Release|Any CPU
		{38140569-9BB9-672C-68E1-6EC47DFE107B}.Debug|Any CPU.ActiveCfg = Debug|Any CPU
		{38140569-9BB9-672C-68E1-6EC47DFE107B}.Debug|Any CPU.Build.0 = Debug|Any CPU
		{38140569-9BB9-672C-68E1-6EC47DFE107B}.Release|Any CPU.ActiveCfg = Release|Any CPU
		{38140569-9BB9-672C-68E1-6EC47DFE107B}.Release|Any CPU.Build.0 = Release|Any CPU
		{89A2F59D-BEBF-E20A-0054-8C954DF4D833}.Debug|Any CPU.ActiveCfg = Debug|Any CPU
		{89A2F59D-BEBF-E20A-0054-8C954DF4D833}.Debug|Any CPU.Build.0 = Debug|Any CPU
		{89A2F59D-BEBF-E20A-0054-8C954DF4D833}.Release|Any CPU.ActiveCfg = Release|Any CPU
		{89A2F59D-BEBF-E20A-0054-8C954DF4D833}.Release|Any CPU.Build.0 = Release|Any CPU
		{C3A99A52-D6A4-0FB6-3522-6FB85EF9BE2A}.Debug|Any CPU.ActiveCfg = Debug|Any CPU
		{C3A99A52-D6A4-0FB6-3522-6FB85EF9BE2A}.Debug|Any CPU.Build.0 = Debug|Any CPU
		{C3A99A52-D6A4-0FB6-3522-6FB85EF9BE2A}.Release|Any CPU.ActiveCfg = Release|Any CPU
		{C3A99A52-D6A4-0FB6-3522-6FB85EF9BE2A}.Release|Any CPU.Build.0 = Release|Any CPU
	EndGlobalSection
	GlobalSection(SolutionProperties) = preSolution
		HideSolutionNode = FALSE
	EndGlobalSection
	GlobalSection(MonoDevelopProperties) = preSolution
		StartupItem = Assembly-CSharp.csproj
	EndGlobalSection
EndGlobal
